
Microsoft Visual Studio Solution File, Format Version 12.00
# Visual Studio Version 17
VisualStudioVersion = 17.3.32804.467
MinimumVisualStudioVersion = 10.0.40219.1
Project("{FAE04EC0-301F-11D3-BF4B-00C04F79EFBC}") = "Locadora_WebAPI_DotNet", "Locadora_WebAPI_DotNet\Locadora_WebAPI_DotNet.csproj", "{FFE4C31C-3361-47B9-9E9C-4EC027414853}"
EndProject
Global
	GlobalSection(SolutionConfigurationPlatforms) = preSolution
		Debug|Any CPU = Debug|Any CPU
		Release|Any CPU = Release|Any CPU
	EndGlobalSection
	GlobalSection(ProjectConfigurationPlatforms) = postSolution
		{FFE4C31C-3361-47B9-9E9C-4EC027414853}.Debug|Any CPU.ActiveCfg = Debug|Any CPU
		{FFE4C31C-3361-47B9-9E9C-4EC027414853}.Debug|Any CPU.Build.0 = Debug|Any CPU
		{FFE4C31C-3361-47B9-9E9C-4EC027414853}.Release|Any CPU.ActiveCfg = Release|Any CPU
		{FFE4C31C-3361-47B9-9E9C-4EC027414853}.Release|Any CPU.Build.0 = Release|Any CPU
	EndGlobalSection
	GlobalSection(SolutionProperties) = preSolution
		HideSolutionNode = FALSE
	EndGlobalSection
	GlobalSection(ExtensibilityGlobals) = postSolution
		SolutionGuid = {749382FC-026D-436D-9395-574DD9EF7B33}
	EndGlobalSection
EndGlobal
